// !$*UTF8*$!
{
	archiveVersion = 1;
	classes = {
	};
	objectVersion = 46;
	objects = {

/* Begin PBXBuildFile section */
		615D1EB51A206964002D19BB /* main.m in Sources */ = {isa = PBXBuildFile; fileRef = 615D1EB41A206964002D19BB /* main.m */; };
		615D1EB81A206964002D19BB /* AppDelegate.m in Sources */ = {isa = PBXBuildFile; fileRef = 615D1EB71A206964002D19BB /* AppDelegate.m */; };
		615D1EBB1A206964002D19BB /* FirstViewController.m in Sources */ = {isa = PBXBuildFile; fileRef = 615D1EBA1A206964002D19BB /* FirstViewController.m */; };
		615D1EBE1A206964002D19BB /* SecondViewController.m in Sources */ = {isa = PBXBuildFile; fileRef = 615D1EBD1A206964002D19BB /* SecondViewController.m */; };
		615D1EC11A206964002D19BB /* Main.storyboard in Resources */ = {isa = PBXBuildFile; fileRef = 615D1EBF1A206964002D19BB /* Main.storyboard */; };
		615D1EC31A206964002D19BB /* Images.xcassets in Resources */ = {isa = PBXBuildFile; fileRef = 615D1EC21A206964002D19BB /* Images.xcassets */; };
		615D1EC61A206964002D19BB /* LaunchScreen.xib in Resources */ = {isa = PBXBuildFile; fileRef = 615D1EC41A206964002D19BB /* LaunchScreen.xib */; };
		615D1ED21A206964002D19BB /* ColorTestManTests.m in Sources */ = {isa = PBXBuildFile; fileRef = 615D1ED11A206964002D19BB /* ColorTestManTests.m */; };
/* End PBXBuildFile section */

/* Begin PBXContainerItemProxy section */
		615D1ECC1A206964002D19BB /* PBXContainerItemProxy */ = {
			isa = PBXContainerItemProxy;
			containerPortal = 615D1EA71A206964002D19BB /* Project object */;
			proxyType = 1;
			remoteGlobalIDString = 615D1EAE1A206964002D19BB;
			remoteInfo = ColorTestMan;
		};
/* End PBXContainerItemProxy section */

/* Begin PBXFileReference section */
		615D1EAF1A206964002D19BB /* ColorTestMan.app */ = {isa = PBXFileReference; explicitFileType = wrapper.application; includeInIndex = 0; path = ColorTestMan.app; sourceTree = BUILT_PRODUCTS_DIR; };
		615D1EB31A206964002D19BB /* Info.plist */ = {isa = PBXFileReference; lastKnownFileType = text.plist.xml; path = Info.plist; sourceTree = "<group>"; };
		615D1EB41A206964002D19BB /* main.m */ = {isa = PBXFileReference; lastKnownFileType = sourcecode.c.objc; path = main.m; sourceTree = "<group>"; };
		615D1EB61A206964002D19BB /* AppDelegate.h */ = {isa = PBXFileReference; lastKnownFileType = sourcecode.c.h; path = AppDelegate.h; sourceTree = "<group>"; };
		615D1EB71A206964002D19BB /* AppDelegate.m */ = {isa = PBXFileReference; lastKnownFileType = sourcecode.c.objc; path = AppDelegate.m; sourceTree = "<group>"; };
		615D1EB91A206964002D19BB /* FirstViewController.h */ = {isa = PBXFileReference; lastKnownFileType = sourcecode.c.h; path = FirstViewController.h; sourceTree = "<group>"; };
		615D1EBA1A206964002D19BB /* FirstViewController.m */ = {isa = PBXFileReference; lastKnownFileType = sourcecode.c.objc; path = FirstViewController.m; sourceTree = "<group>"; };
		615D1EBC1A206964002D19BB /* SecondViewController.h */ = {isa = PBXFileReference; lastKnownFileType = sourcecode.c.h; path = SecondViewController.h; sourceTree = "<group>"; };
		615D1EBD1A206964002D19BB /* SecondViewController.m */ = {isa = PBXFileReference; lastKnownFileType = sourcecode.c.objc; path = SecondViewController.m; sourceTree = "<group>"; };
		615D1EC01A206964002D19BB /* Base */ = {isa = PBXFileReference; lastKnownFileType = file.storyboard; name = Base; path = Base.lproj/Main.storyboard; sourceTree = "<group>"; };
		615D1EC21A206964002D19BB /* Images.xcassets */ = {isa = PBXFileReference; lastKnownFileType = folder.assetcatalog; path = Images.xcassets; sourceTree = "<group>"; };
		615D1EC51A206964002D19BB /* Base */ = {isa = PBXFileReference; lastKnownFileType = file.xib; name = Base; path = Base.lproj/LaunchScreen.xib; sourceTree = "<group>"; };
		615D1ECB1A206964002D19BB /* ColorTestManTests.xctest */ = {isa = PBXFileReference; explicitFileType = wrapper.cfbundle; includeInIndex = 0; path = ColorTestManTests.xctest; sourceTree = BUILT_PRODUCTS_DIR; };
		615D1ED01A206964002D19BB /* Info.plist */ = {isa = PBXFileReference; lastKnownFileType = text.plist.xml; path = Info.plist; sourceTree = "<group>"; };
		615D1ED11A206964002D19BB /* ColorTestManTests.m */ = {isa = PBXFileReference; lastKnownFileType = sourcecode.c.objc; path = ColorTestManTests.m; sourceTree = "<group>"; };
/* End PBXFileReference section */

/* Begin PBXFrameworksBuildPhase section */
		615D1EAC1A206964002D19BB /* Frameworks */ = {
			isa = PBXFrameworksBuildPhase;
			buildActionMask = 2147483647;
			files = (
			);
			runOnlyForDeploymentPostprocessing = 0;
		};
		615D1EC81A206964002D19BB /* Frameworks */ = {
			isa = PBXFrameworksBuildPhase;
			buildActionMask = 2147483647;
			files = (
			);
			runOnlyForDeploymentPostprocessing = 0;
		};
/* End PBXFrameworksBuildPhase section */

/* Begin PBXGroup section */
		615D1EA61A206964002D19BB = {
			isa = PBXGroup;
			children = (
				615D1EB11A206964002D19BB /* ColorTestMan */,
				615D1ECE1A206964002D19BB /* ColorTestManTests */,
				615D1EB01A206964002D19BB /* Products */,
			);
			sourceTree = "<group>";
		};
		615D1EB01A206964002D19BB /* Products */ = {
			isa = PBXGroup;
			children = (
				615D1EAF1A206964002D19BB /* ColorTestMan.app */,
				615D1ECB1A206964002D19BB /* ColorTestManTests.xctest */,
			);
			name = Products;
			sourceTree = "<group>";
		};
		615D1EB11A206964002D19BB /* ColorTestMan */ = {
			isa = PBXGroup;
			children = (
				615D1EB61A206964002D19BB /* AppDelegate.h */,
				615D1EB71A206964002D19BB /* AppDelegate.m */,
				615D1EB91A206964002D19BB /* FirstViewController.h */,
				615D1EBA1A206964002D19BB /* FirstViewController.m */,
				615D1EBC1A206964002D19BB /* SecondViewController.h */,
				615D1EBD1A206964002D19BB /* SecondViewController.m */,
				615D1EBF1A206964002D19BB /* Main.storyboard */,
				615D1EC21A206964002D19BB /* Images.xcassets */,
				615D1EC41A206964002D19BB /* LaunchScreen.xib */,
				615D1EB21A206964002D19BB /* Supporting Files */,
			);
			path = ColorTestMan;
			sourceTree = "<group>";
		};
		615D1EB21A206964002D19BB /* Supporting Files */ = {
			isa = PBXGroup;
			children = (
				615D1EB31A206964002D19BB /* Info.plist */,
				615D1EB41A206964002D19BB /* main.m */,
			);
			name = "Supporting Files";
			sourceTree = "<group>";
		};
		615D1ECE1A206964002D19BB /* ColorTestManTests */ = {
			isa = PBXGroup;
			children = (
				615D1ED11A206964002D19BB /* ColorTestManTests.m */,
				615D1ECF1A206964002D19BB /* Supporting Files */,
			);
			path = ColorTestManTests;
			sourceTree = "<group>";
		};
		615D1ECF1A206964002D19BB /* Supporting Files */ = {
			isa = PBXGroup;
			children = (
				615D1ED01A206964002D19BB /* Info.plist */,
			);
			name = "Supporting Files";
			sourceTree = "<group>";
		};
/* End PBXGroup section */

/* Begin PBXNativeTarget section */
		615D1EAE1A206964002D19BB /* ColorTestMan */ = {
			isa = PBXNativeTarget;
			buildConfigurationList = 615D1ED51A206964002D19BB /* Build configuration list for PBXNativeTarget "ColorTestMan" */;
			buildPhases = (
				615D1EAB1A206964002D19BB /* Sources */,
				615D1EAC1A206964002D19BB /* Frameworks */,
				615D1EAD1A206964002D19BB /* Resources */,
			);
			buildRules = (
			);
			dependencies = (
			);
			name = ColorTestMan;
			productName = ColorTestMan;
			productReference = 615D1EAF1A206964002D19BB /* ColorTestMan.app */;
			productType = "com.apple.product-type.application";
		};
		615D1ECA1A206964002D19BB /* ColorTestManTests */ = {
			isa = PBXNativeTarget;
			buildConfigurationList = 615D1ED81A206964002D19BB /* Build configuration list for PBXNativeTarget "ColorTestManTests" */;
			buildPhases = (
				615D1EC71A206964002D19BB /* Sources */,
				615D1EC81A206964002D19BB /* Frameworks */,
				615D1EC91A206964002D19BB /* Resources */,
			);
			buildRules = (
			);
			dependencies = (
				615D1ECD1A206964002D19BB /* PBXTargetDependency */,
			);
			name = ColorTestManTests;
			productName = ColorTestManTests;
			productReference = 615D1ECB1A206964002D19BB /* ColorTestManTests.xctest */;
			productType = "com.apple.product-type.bundle.unit-test";
		};
/* End PBXNativeTarget section */

/* Begin PBXProject section */
		615D1EA71A206964002D19BB /* Project object */ = {
			isa = PBXProject;
			attributes = {
				LastUpgradeCheck = 0610;
				ORGANIZATIONNAME = TesterGroup;
				TargetAttributes = {
					615D1EAE1A206964002D19BB = {
						CreatedOnToolsVersion = 6.1;
					};
					615D1ECA1A206964002D19BB = {
						CreatedOnToolsVersion = 6.1;
						TestTargetID = 615D1EAE1A206964002D19BB;
					};
				};
			};
			buildConfigurationList = 615D1EAA1A206964002D19BB /* Build configuration list for PBXProject "ColorTestMan" */;
			compatibilityVersion = "Xcode 3.2";
			developmentRegion = English;
			hasScannedForEncodings = 0;
			knownRegions = (
				en,
				Base,
			);
			mainGroup = 615D1EA61A206964002D19BB;
			productRefGroup = 615D1EB01A206964002D19BB /* Products */;
			projectDirPath = "";
			projectRoot = "";
			targets = (
				615D1EAE1A206964002D19BB /* ColorTestMan */,
				615D1ECA1A206964002D19BB /* ColorTestManTests */,
			);
		};
/* End PBXProject section */

/* Begin PBXResourcesBuildPhase section */
		615D1EAD1A206964002D19BB /* Resources */ = {
			isa = PBXResourcesBuildPhase;
			buildActionMask = 2147483647;
			files = (
				615D1EC11A206964002D19BB /* Main.storyboard in Resources */,
				615D1EC61A206964002D19BB /* LaunchScreen.xib in Resources */,
				615D1EC31A206964002D19BB /* Images.xcassets in Resources */,
			);
			runOnlyForDeploymentPostprocessing = 0;
		};
		615D1EC91A206964002D19BB /* Resources */ = {
			isa = PBXResourcesBuildPhase;
			buildActionMask = 2147483647;
			files = (
			);
			runOnlyForDeploymentPostprocessing = 0;
		};
/* End PBXResourcesBuildPhase section */

/* Begin PBXSourcesBuildPhase section */
		615D1EAB1A206964002D19BB /* Sources */ = {
			isa = PBXSourcesBuildPhase;
			buildActionMask = 2147483647;
			files = (
				615D1EBE1A206964002D19BB /* SecondViewController.m in Sources */,
				615D1EB81A206964002D19BB /* AppDelegate.m in Sources */,
				615D1EBB1A206964002D19BB /* FirstViewController.m in Sources */,
				615D1EB51A206964002D19BB /* main.m in Sources */,
			);
			runOnlyForDeploymentPostprocessing = 0;
		};
		615D1EC71A206964002D19BB /* Sources */ = {
			isa = PBXSourcesBuildPhase;
			buildActionMask = 2147483647;
			files = (
				615D1ED21A206964002D19BB /* ColorTestManTests.m in Sources */,
			);
			runOnlyForDeploymentPostprocessing = 0;
		};
/* End PBXSourcesBuildPhase section */

/* Begin PBXTargetDependency section */
		615D1ECD1A206964002D19BB /* PBXTargetDependency */ = {
			isa = PBXTargetDependency;
			target = 615D1EAE1A206964002D19BB /* ColorTestMan */;
			targetProxy = 615D1ECC1A206964002D19BB /* PBXContainerItemProxy */;
		};
/* End PBXTargetDependency section */

/* Begin PBXVariantGroup section */
		615D1EBF1A206964002D19BB /* Main.storyboard */ = {
			isa = PBXVariantGroup;
			children = (
				615D1EC01A206964002D19BB /* Base */,
			);
			name = Main.storyboard;
			sourceTree = "<group>";
		};
		615D1EC41A206964002D19BB /* LaunchScreen.xib */ = {
			isa = PBXVariantGroup;
			children = (
				615D1EC51A206964002D19BB /* Base */,
			);
			name = LaunchScreen.xib;
			sourceTree = "<group>";
		};
/* End PBXVariantGroup section */

/* Begin XCBuildConfiguration section */
		615D1ED31A206964002D19BB /* Debug */ = {
			isa = XCBuildConfiguration;
			buildSettings = {
				ALWAYS_SEARCH_USER_PATHS = NO;
				CLANG_CXX_LANGUAGE_STANDARD = "gnu++0x";
				CLANG_CXX_LIBRARY = "libc++";
				CLANG_ENABLE_MODULES = YES;
				CLANG_ENABLE_OBJC_ARC = YES;
				CLANG_WARN_BOOL_CONVERSION = YES;
				CLANG_WARN_CONSTANT_CONVERSION = YES;
				CLANG_WARN_DIRECT_OBJC_ISA_USAGE = YES_ERROR;
				CLANG_WARN_EMPTY_BODY = YES;
				CLANG_WARN_ENUM_CONVERSION = YES;
				CLANG_WARN_INT_CONVERSION = YES;
				CLANG_WARN_OBJC_ROOT_CLASS = YES_ERROR;
				CLANG_WARN_UNREACHABLE_CODE = YES;
				CLANG_WARN__DUPLICATE_METHOD_MATCH = YES;
				"CODE_SIGN_IDENTITY[sdk=iphoneos*]" = "iPhone Developer";
				COPY_PHASE_STRIP = NO;
				ENABLE_STRICT_OBJC_MSGSEND = YES;
				GCC_C_LANGUAGE_STANDARD = gnu99;
				GCC_DYNAMIC_NO_PIC = NO;
				GCC_OPTIMIZATION_LEVEL = 0;
				GCC_PREPROCESSOR_DEFINITIONS = (
					"DEBUG=1",
					"$(inherited)",
				);
				GCC_SYMBOLS_PRIVATE_EXTERN = NO;
				GCC_WARN_64_TO_32_BIT_CONVERSION = YES;
				GCC_WARN_ABOUT_RETURN_TYPE = YES_ERROR;
				GCC_WARN_UNDECLARED_SELECTOR = YES;
				GCC_WARN_UNINITIALIZED_AUTOS = YES_AGGRESSIVE;
				GCC_WARN_UNUSED_FUNCTION = YES;
				GCC_WARN_UNUSED_VARIABLE = YES;
				IPHONEOS_DEPLOYMENT_TARGET = 8.1;
				MTL_ENABLE_DEBUG_INFO = YES;
				ONLY_ACTIVE_ARCH = YES;
				SDKROOT = iphoneos;
				TARGETED_DEVICE_FAMILY = "1,2";
			};
			name = Debug;
		};
		615D1ED41A206964002D19BB /* Release */ = {
			isa = XCBuildConfiguration;
			buildSettings = {
				ALWAYS_SEARCH_USER_PATHS = NO;
				CLANG_CXX_LANGUAGE_STANDARD = "gnu++0x";
				CLANG_CXX_LIBRARY = "libc++";
				CLANG_ENABLE_MODULES = YES;
				CLANG_ENABLE_OBJC_ARC = YES;
				CLANG_WARN_BOOL_CONVERSION = YES;
				CLANG_WARN_CONSTANT_CONVERSION = YES;
				CLANG_WARN_DIRECT_OBJC_ISA_USAGE = YES_ERROR;
				CLANG_WARN_EMPTY_BODY = YES;
				CLANG_WARN_ENUM_CONVERSION = YES;
				CLANG_WARN_INT_CONVERSION = YES;
				CLANG_WARN_OBJC_ROOT_CLASS = YES_ERROR;
				CLANG_WARN_UNREACHABLE_CODE = YES;
				CLANG_WARN__DUPLICATE_METHOD_MATCH = YES;
				"CODE_SIGN_IDENTITY[sdk=iphoneos*]" = "iPhone Developer";
				COPY_PHASE_STRIP = YES;
				ENABLE_NS_ASSERTIONS = NO;
				ENABLE_STRICT_OBJC_MSGSEND = YES;
				GCC_C_LANGUAGE_STANDARD = gnu99;
				GCC_WARN_64_TO_32_BIT_CONVERSION = YES;
				GCC_WARN_ABOUT_RETURN_TYPE = YES_ERROR;
				GCC_WARN_UNDECLARED_SELECTOR = YES;
				GCC_WARN_UNINITIALIZED_AUTOS = YES_AGGRESSIVE;
				GCC_WARN_UNUSED_FUNCTION = YES;
				GCC_WARN_UNUSED_VARIABLE = YES;
				IPHONEOS_DEPLOYMENT_TARGET = 8.1;
				MTL_ENABLE_DEBUG_INFO = NO;
				SDKROOT = iphoneos;
				TARGETED_DEVICE_FAMILY = "1,2";
				VALIDATE_PRODUCT = YES;
			};
			name = Release;
		};
		615D1ED61A206964002D19BB /* Debug */ = {
			isa = XCBuildConfiguration;
			buildSettings = {
				ASSETCATALOG_COMPILER_APPICON_NAME = AppIcon;
				INFOPLIST_FILE = ColorTestMan/Info.plist;
				LD_RUNPATH_SEARCH_PATHS = "$(inherited) @executable_path/Frameworks";
				PRODUCT_NAME = "$(TARGET_NAME)";
			};
			name = Debug;
		};
		615D1ED71A206964002D19BB /* Release */ = {
			isa = XCBuildConfiguration;
			buildSettings = {
				ASSETCATALOG_COMPILER_APPICON_NAME = AppIcon;
				INFOPLIST_FILE = ColorTestMan/Info.plist;
				LD_RUNPATH_SEARCH_PATHS = "$(inherited) @executable_path/Frameworks";
				PRODUCT_NAME = "$(TARGET_NAME)";
			};
			name = Release;
		};
		615D1ED91A206964002D19BB /* Debug */ = {
			isa = XCBuildConfiguration;
			buildSettings = {
				BUNDLE_LOADER = "$(TEST_HOST)";
				FRAMEWORK_SEARCH_PATHS = (
					"$(SDKROOT)/Developer/Library/Frameworks",
					"$(inherited)",
				);
				GCC_PREPROCESSOR_DEFINITIONS = (
					"DEBUG=1",
					"$(inherited)",
				);
				INFOPLIST_FILE = ColorTestManTests/Info.plist;
				LD_RUNPATH_SEARCH_PATHS = "$(inherited) @executable_path/Frameworks @loader_path/Frameworks";
				PRODUCT_NAME = "$(TARGET_NAME)";
				TEST_HOST = "$(BUILT_PRODUCTS_DIR)/ColorTestMan.app/ColorTestMan";
			};
			name = Debug;
		};
		615D1EDA1A206964002D19BB /* Release */ = {
			isa = XCBuildConfiguration;
			buildSettings = {
				BUNDLE_LOADER = "$(TEST_HOST)";
				FRAMEWORK_SEARCH_PATHS = (
					"$(SDKROOT)/Developer/Library/Frameworks",
					"$(inherited)",
				);
				INFOPLIST_FILE = ColorTestManTests/Info.plist;
				LD_RUNPATH_SEARCH_PATHS = "$(inherited) @executable_path/Frameworks @loader_path/Frameworks";
				PRODUCT_NAME = "$(TARGET_NAME)";
				TEST_HOST = "$(BUILT_PRODUCTS_DIR)/ColorTestMan.app/ColorTestMan";
			};
			name = Release;
		};
/* End XCBuildConfiguration section */

/* Begin XCConfigurationList section */
		615D1EAA1A206964002D19BB /* Build configuration list for PBXProject "ColorTestMan" */ = {
			isa = XCConfigurationList;
			buildConfigurations = (
				615D1ED31A206964002D19BB /* Debug */,
				615D1ED41A206964002D19BB /* Release */,
			);
			defaultConfigurationIsVisible = 0;
			defaultConfigurationName = Release;
		};
		615D1ED51A206964002D19BB /* Build configuration list for PBXNativeTarget "ColorTestMan" */ = {
			isa = XCConfigurationList;
			buildConfigurations = (
				615D1ED61A206964002D19BB /* Debug */,
				615D1ED71A206964002D19BB /* Release */,
			);
			defaultConfigurationIsVisible = 0;
		};
		615D1ED81A206964002D19BB /* Build configuration list for PBXNativeTarget "ColorTestManTests" */ = {
			isa = XCConfigurationList;
			buildConfigurations = (
				615D1ED91A206964002D19BB /* Debug */,
				615D1EDA1A206964002D19BB /* Release */,
			);
			defaultConfigurationIsVisible = 0;
		};
/* End XCConfigurationList section */
	};
	rootObject = 615D1EA71A206964002D19BB /* Project object */;
}
