// !$*UTF8*$!
{
	archiveVersion = 1;
	classes = {
	};
	objectVersion = 46;
	objects = {

/* Begin PBXBuildFile section */
		615D1E801A2065AF002D19BB /* main.m in Sources */ = {isa = PBXBuildFile; fileRef = 615D1E7F1A2065AF002D19BB /* main.m */; };
		615D1E831A2065AF002D19BB /* AppDelegate.m in Sources */ = {isa = PBXBuildFile; fileRef = 615D1E821A2065AF002D19BB /* AppDelegate.m */; };
		615D1E861A2065AF002D19BB /* FirstViewController.m in Sources */ = {isa = PBXBuildFile; fileRef = 615D1E851A2065AF002D19BB /* FirstViewController.m */; };
		615D1E891A2065AF002D19BB /* SecondViewController.m in Sources */ = {isa = PBXBuildFile; fileRef = 615D1E881A2065AF002D19BB /* SecondViewController.m */; };
		615D1E8C1A2065AF002D19BB /* Main.storyboard in Resources */ = {isa = PBXBuildFile; fileRef = 615D1E8A1A2065AF002D19BB /* Main.storyboard */; };
		615D1E8E1A2065AF002D19BB /* Images.xcassets in Resources */ = {isa = PBXBuildFile; fileRef = 615D1E8D1A2065AF002D19BB /* Images.xcassets */; };
		615D1E911A2065AF002D19BB /* LaunchScreen.xib in Resources */ = {isa = PBXBuildFile; fileRef = 615D1E8F1A2065AF002D19BB /* LaunchScreen.xib */; };
		615D1E9D1A2065AF002D19BB /* ColorTesterTests.m in Sources */ = {isa = PBXBuildFile; fileRef = 615D1E9C1A2065AF002D19BB /* ColorTesterTests.m */; };
/* End PBXBuildFile section */

/* Begin PBXContainerItemProxy section */
		615D1E971A2065AF002D19BB /* PBXContainerItemProxy */ = {
			isa = PBXContainerItemProxy;
			containerPortal = 615D1E721A2065AF002D19BB /* Project object */;
			proxyType = 1;
			remoteGlobalIDString = 615D1E791A2065AF002D19BB;
			remoteInfo = ColorTester;
		};
/* End PBXContainerItemProxy section */

/* Begin PBXFileReference section */
		615D1E7A1A2065AF002D19BB /* ColorTester.app */ = {isa = PBXFileReference; explicitFileType = wrapper.application; includeInIndex = 0; path = ColorTester.app; sourceTree = BUILT_PRODUCTS_DIR; };
		615D1E7E1A2065AF002D19BB /* Info.plist */ = {isa = PBXFileReference; lastKnownFileType = text.plist.xml; path = Info.plist; sourceTree = "<group>"; };
		615D1E7F1A2065AF002D19BB /* main.m */ = {isa = PBXFileReference; lastKnownFileType = sourcecode.c.objc; path = main.m; sourceTree = "<group>"; };
		615D1E811A2065AF002D19BB /* AppDelegate.h */ = {isa = PBXFileReference; lastKnownFileType = sourcecode.c.h; path = AppDelegate.h; sourceTree = "<group>"; };
		615D1E821A2065AF002D19BB /* AppDelegate.m */ = {isa = PBXFileReference; lastKnownFileType = sourcecode.c.objc; path = AppDelegate.m; sourceTree = "<group>"; };
		615D1E841A2065AF002D19BB /* FirstViewController.h */ = {isa = PBXFileReference; lastKnownFileType = sourcecode.c.h; path = FirstViewController.h; sourceTree = "<group>"; };
		615D1E851A2065AF002D19BB /* FirstViewController.m */ = {isa = PBXFileReference; lastKnownFileType = sourcecode.c.objc; path = FirstViewController.m; sourceTree = "<group>"; };
		615D1E871A2065AF002D19BB /* SecondViewController.h */ = {isa = PBXFileReference; lastKnownFileType = sourcecode.c.h; path = SecondViewController.h; sourceTree = "<group>"; };
		615D1E881A2065AF002D19BB /* SecondViewController.m */ = {isa = PBXFileReference; lastKnownFileType = sourcecode.c.objc; path = SecondViewController.m; sourceTree = "<group>"; };
		615D1E8B1A2065AF002D19BB /* Base */ = {isa = PBXFileReference; lastKnownFileType = file.storyboard; name = Base; path = Base.lproj/Main.storyboard; sourceTree = "<group>"; };
		615D1E8D1A2065AF002D19BB /* Images.xcassets */ = {isa = PBXFileReference; lastKnownFileType = folder.assetcatalog; path = Images.xcassets; sourceTree = "<group>"; };
		615D1E901A2065AF002D19BB /* Base */ = {isa = PBXFileReference; lastKnownFileType = file.xib; name = Base; path = Base.lproj/LaunchScreen.xib; sourceTree = "<group>"; };
		615D1E961A2065AF002D19BB /* ColorTesterTests.xctest */ = {isa = PBXFileReference; explicitFileType = wrapper.cfbundle; includeInIndex = 0; path = ColorTesterTests.xctest; sourceTree = BUILT_PRODUCTS_DIR; };
		615D1E9B1A2065AF002D19BB /* Info.plist */ = {isa = PBXFileReference; lastKnownFileType = text.plist.xml; path = Info.plist; sourceTree = "<group>"; };
		615D1E9C1A2065AF002D19BB /* ColorTesterTests.m */ = {isa = PBXFileReference; lastKnownFileType = sourcecode.c.objc; path = ColorTesterTests.m; sourceTree = "<group>"; };
/* End PBXFileReference section */

/* Begin PBXFrameworksBuildPhase section */
		615D1E771A2065AF002D19BB /* Frameworks */ = {
			isa = PBXFrameworksBuildPhase;
			buildActionMask = 2147483647;
			files = (
			);
			runOnlyForDeploymentPostprocessing = 0;
		};
		615D1E931A2065AF002D19BB /* Frameworks */ = {
			isa = PBXFrameworksBuildPhase;
			buildActionMask = 2147483647;
			files = (
			);
			runOnlyForDeploymentPostprocessing = 0;
		};
/* End PBXFrameworksBuildPhase section */

/* Begin PBXGroup section */
		615D1E711A2065AF002D19BB = {
			isa = PBXGroup;
			children = (
				615D1E7C1A2065AF002D19BB /* ColorTester */,
				615D1E991A2065AF002D19BB /* ColorTesterTests */,
				615D1E7B1A2065AF002D19BB /* Products */,
			);
			sourceTree = "<group>";
		};
		615D1E7B1A2065AF002D19BB /* Products */ = {
			isa = PBXGroup;
			children = (
				615D1E7A1A2065AF002D19BB /* ColorTester.app */,
				615D1E961A2065AF002D19BB /* ColorTesterTests.xctest */,
			);
			name = Products;
			sourceTree = "<group>";
		};
		615D1E7C1A2065AF002D19BB /* ColorTester */ = {
			isa = PBXGroup;
			children = (
				615D1E811A2065AF002D19BB /* AppDelegate.h */,
				615D1E821A2065AF002D19BB /* AppDelegate.m */,
				615D1E841A2065AF002D19BB /* FirstViewController.h */,
				615D1E851A2065AF002D19BB /* FirstViewController.m */,
				615D1E871A2065AF002D19BB /* SecondViewController.h */,
				615D1E881A2065AF002D19BB /* SecondViewController.m */,
				615D1E8A1A2065AF002D19BB /* Main.storyboard */,
				615D1E8D1A2065AF002D19BB /* Images.xcassets */,
				615D1E8F1A2065AF002D19BB /* LaunchScreen.xib */,
				615D1E7D1A2065AF002D19BB /* Supporting Files */,
			);
			path = ColorTester;
			sourceTree = "<group>";
		};
		615D1E7D1A2065AF002D19BB /* Supporting Files */ = {
			isa = PBXGroup;
			children = (
				615D1E7E1A2065AF002D19BB /* Info.plist */,
				615D1E7F1A2065AF002D19BB /* main.m */,
			);
			name = "Supporting Files";
			sourceTree = "<group>";
		};
		615D1E991A2065AF002D19BB /* ColorTesterTests */ = {
			isa = PBXGroup;
			children = (
				615D1E9C1A2065AF002D19BB /* ColorTesterTests.m */,
				615D1E9A1A2065AF002D19BB /* Supporting Files */,
			);
			path = ColorTesterTests;
			sourceTree = "<group>";
		};
		615D1E9A1A2065AF002D19BB /* Supporting Files */ = {
			isa = PBXGroup;
			children = (
				615D1E9B1A2065AF002D19BB /* Info.plist */,
			);
			name = "Supporting Files";
			sourceTree = "<group>";
		};
/* End PBXGroup section */

/* Begin PBXNativeTarget section */
		615D1E791A2065AF002D19BB /* ColorTester */ = {
			isa = PBXNativeTarget;
			buildConfigurationList = 615D1EA01A2065AF002D19BB /* Build configuration list for PBXNativeTarget "ColorTester" */;
			buildPhases = (
				615D1E761A2065AF002D19BB /* Sources */,
				615D1E771A2065AF002D19BB /* Frameworks */,
				615D1E781A2065AF002D19BB /* Resources */,
			);
			buildRules = (
			);
			dependencies = (
			);
			name = ColorTester;
			productName = ColorTester;
			productReference = 615D1E7A1A2065AF002D19BB /* ColorTester.app */;
			productType = "com.apple.product-type.application";
		};
		615D1E951A2065AF002D19BB /* ColorTesterTests */ = {
			isa = PBXNativeTarget;
			buildConfigurationList = 615D1EA31A2065AF002D19BB /* Build configuration list for PBXNativeTarget "ColorTesterTests" */;
			buildPhases = (
				615D1E921A2065AF002D19BB /* Sources */,
				615D1E931A2065AF002D19BB /* Frameworks */,
				615D1E941A2065AF002D19BB /* Resources */,
			);
			buildRules = (
			);
			dependencies = (
				615D1E981A2065AF002D19BB /* PBXTargetDependency */,
			);
			name = ColorTesterTests;
			productName = ColorTesterTests;
			productReference = 615D1E961A2065AF002D19BB /* ColorTesterTests.xctest */;
			productType = "com.apple.product-type.bundle.unit-test";
		};
/* End PBXNativeTarget section */

/* Begin PBXProject section */
		615D1E721A2065AF002D19BB /* Project object */ = {
			isa = PBXProject;
			attributes = {
				LastUpgradeCheck = 0610;
				ORGANIZATIONNAME = TesterGroup;
				TargetAttributes = {
					615D1E791A2065AF002D19BB = {
						CreatedOnToolsVersion = 6.1;
					};
					615D1E951A2065AF002D19BB = {
						CreatedOnToolsVersion = 6.1;
						TestTargetID = 615D1E791A2065AF002D19BB;
					};
				};
			};
			buildConfigurationList = 615D1E751A2065AF002D19BB /* Build configuration list for PBXProject "ColorTester" */;
			compatibilityVersion = "Xcode 3.2";
			developmentRegion = English;
			hasScannedForEncodings = 0;
			knownRegions = (
				en,
				Base,
			);
			mainGroup = 615D1E711A2065AF002D19BB;
			productRefGroup = 615D1E7B1A2065AF002D19BB /* Products */;
			projectDirPath = "";
			projectRoot = "";
			targets = (
				615D1E791A2065AF002D19BB /* ColorTester */,
				615D1E951A2065AF002D19BB /* ColorTesterTests */,
			);
		};
/* End PBXProject section */

/* Begin PBXResourcesBuildPhase section */
		615D1E781A2065AF002D19BB /* Resources */ = {
			isa = PBXResourcesBuildPhase;
			buildActionMask = 2147483647;
			files = (
				615D1E8C1A2065AF002D19BB /* Main.storyboard in Resources */,
				615D1E911A2065AF002D19BB /* LaunchScreen.xib in Resources */,
				615D1E8E1A2065AF002D19BB /* Images.xcassets in Resources */,
			);
			runOnlyForDeploymentPostprocessing = 0;
		};
		615D1E941A2065AF002D19BB /* Resources */ = {
			isa = PBXResourcesBuildPhase;
			buildActionMask = 2147483647;
			files = (
			);
			runOnlyForDeploymentPostprocessing = 0;
		};
/* End PBXResourcesBuildPhase section */

/* Begin PBXSourcesBuildPhase section */
		615D1E761A2065AF002D19BB /* Sources */ = {
			isa = PBXSourcesBuildPhase;
			buildActionMask = 2147483647;
			files = (
				615D1E891A2065AF002D19BB /* SecondViewController.m in Sources */,
				615D1E831A2065AF002D19BB /* AppDelegate.m in Sources */,
				615D1E861A2065AF002D19BB /* FirstViewController.m in Sources */,
				615D1E801A2065AF002D19BB /* main.m in Sources */,
			);
			runOnlyForDeploymentPostprocessing = 0;
		};
		615D1E921A2065AF002D19BB /* Sources */ = {
			isa = PBXSourcesBuildPhase;
			buildActionMask = 2147483647;
			files = (
				615D1E9D1A2065AF002D19BB /* ColorTesterTests.m in Sources */,
			);
			runOnlyForDeploymentPostprocessing = 0;
		};
/* End PBXSourcesBuildPhase section */

/* Begin PBXTargetDependency section */
		615D1E981A2065AF002D19BB /* PBXTargetDependency */ = {
			isa = PBXTargetDependency;
			target = 615D1E791A2065AF002D19BB /* ColorTester */;
			targetProxy = 615D1E971A2065AF002D19BB /* PBXContainerItemProxy */;
		};
/* End PBXTargetDependency section */

/* Begin PBXVariantGroup section */
		615D1E8A1A2065AF002D19BB /* Main.storyboard */ = {
			isa = PBXVariantGroup;
			children = (
				615D1E8B1A2065AF002D19BB /* Base */,
			);
			name = Main.storyboard;
			sourceTree = "<group>";
		};
		615D1E8F1A2065AF002D19BB /* LaunchScreen.xib */ = {
			isa = PBXVariantGroup;
			children = (
				615D1E901A2065AF002D19BB /* Base */,
			);
			name = LaunchScreen.xib;
			sourceTree = "<group>";
		};
/* End PBXVariantGroup section */

/* Begin XCBuildConfiguration section */
		615D1E9E1A2065AF002D19BB /* Debug */ = {
			isa = XCBuildConfiguration;
			buildSettings = {
				ALWAYS_SEARCH_USER_PATHS = NO;
				CLANG_CXX_LANGUAGE_STANDARD = "gnu++0x";
				CLANG_CXX_LIBRARY = "libc++";
				CLANG_ENABLE_MODULES = YES;
				CLANG_ENABLE_OBJC_ARC = YES;
				CLANG_WARN_BOOL_CONVERSION = YES;
				CLANG_WARN_CONSTANT_CONVERSION = YES;
				CLANG_WARN_DIRECT_OBJC_ISA_USAGE = YES_ERROR;
				CLANG_WARN_EMPTY_BODY = YES;
				CLANG_WARN_ENUM_CONVERSION = YES;
				CLANG_WARN_INT_CONVERSION = YES;
				CLANG_WARN_OBJC_ROOT_CLASS = YES_ERROR;
				CLANG_WARN_UNREACHABLE_CODE = YES;
				CLANG_WARN__DUPLICATE_METHOD_MATCH = YES;
				"CODE_SIGN_IDENTITY[sdk=iphoneos*]" = "iPhone Developer";
				COPY_PHASE_STRIP = NO;
				ENABLE_STRICT_OBJC_MSGSEND = YES;
				GCC_C_LANGUAGE_STANDARD = gnu99;
				GCC_DYNAMIC_NO_PIC = NO;
				GCC_OPTIMIZATION_LEVEL = 0;
				GCC_PREPROCESSOR_DEFINITIONS = (
					"DEBUG=1",
					"$(inherited)",
				);
				GCC_SYMBOLS_PRIVATE_EXTERN = NO;
				GCC_WARN_64_TO_32_BIT_CONVERSION = YES;
				GCC_WARN_ABOUT_RETURN_TYPE = YES_ERROR;
				GCC_WARN_UNDECLARED_SELECTOR = YES;
				GCC_WARN_UNINITIALIZED_AUTOS = YES_AGGRESSIVE;
				GCC_WARN_UNUSED_FUNCTION = YES;
				GCC_WARN_UNUSED_VARIABLE = YES;
				IPHONEOS_DEPLOYMENT_TARGET = 8.1;
				MTL_ENABLE_DEBUG_INFO = YES;
				ONLY_ACTIVE_ARCH = YES;
				SDKROOT = iphoneos;
				TARGETED_DEVICE_FAMILY = "1,2";
			};
			name = Debug;
		};
		615D1E9F1A2065AF002D19BB /* Release */ = {
			isa = XCBuildConfiguration;
			buildSettings = {
				ALWAYS_SEARCH_USER_PATHS = NO;
				CLANG_CXX_LANGUAGE_STANDARD = "gnu++0x";
				CLANG_CXX_LIBRARY = "libc++";
				CLANG_ENABLE_MODULES = YES;
				CLANG_ENABLE_OBJC_ARC = YES;
				CLANG_WARN_BOOL_CONVERSION = YES;
				CLANG_WARN_CONSTANT_CONVERSION = YES;
				CLANG_WARN_DIRECT_OBJC_ISA_USAGE = YES_ERROR;
				CLANG_WARN_EMPTY_BODY = YES;
				CLANG_WARN_ENUM_CONVERSION = YES;
				CLANG_WARN_INT_CONVERSION = YES;
				CLANG_WARN_OBJC_ROOT_CLASS = YES_ERROR;
				CLANG_WARN_UNREACHABLE_CODE = YES;
				CLANG_WARN__DUPLICATE_METHOD_MATCH = YES;
				"CODE_SIGN_IDENTITY[sdk=iphoneos*]" = "iPhone Developer";
				COPY_PHASE_STRIP = YES;
				ENABLE_NS_ASSERTIONS = NO;
				ENABLE_STRICT_OBJC_MSGSEND = YES;
				GCC_C_LANGUAGE_STANDARD = gnu99;
				GCC_WARN_64_TO_32_BIT_CONVERSION = YES;
				GCC_WARN_ABOUT_RETURN_TYPE = YES_ERROR;
				GCC_WARN_UNDECLARED_SELECTOR = YES;
				GCC_WARN_UNINITIALIZED_AUTOS = YES_AGGRESSIVE;
				GCC_WARN_UNUSED_FUNCTION = YES;
				GCC_WARN_UNUSED_VARIABLE = YES;
				IPHONEOS_DEPLOYMENT_TARGET = 8.1;
				MTL_ENABLE_DEBUG_INFO = NO;
				SDKROOT = iphoneos;
				TARGETED_DEVICE_FAMILY = "1,2";
				VALIDATE_PRODUCT = YES;
			};
			name = Release;
		};
		615D1EA11A2065AF002D19BB /* Debug */ = {
			isa = XCBuildConfiguration;
			buildSettings = {
				ASSETCATALOG_COMPILER_APPICON_NAME = AppIcon;
				INFOPLIST_FILE = ColorTester/Info.plist;
				LD_RUNPATH_SEARCH_PATHS = "$(inherited) @executable_path/Frameworks";
				PRODUCT_NAME = "$(TARGET_NAME)";
			};
			name = Debug;
		};
		615D1EA21A2065AF002D19BB /* Release */ = {
			isa = XCBuildConfiguration;
			buildSettings = {
				ASSETCATALOG_COMPILER_APPICON_NAME = AppIcon;
				INFOPLIST_FILE = ColorTester/Info.plist;
				LD_RUNPATH_SEARCH_PATHS = "$(inherited) @executable_path/Frameworks";
				PRODUCT_NAME = "$(TARGET_NAME)";
			};
			name = Release;
		};
		615D1EA41A2065AF002D19BB /* Debug */ = {
			isa = XCBuildConfiguration;
			buildSettings = {
				BUNDLE_LOADER = "$(TEST_HOST)";
				FRAMEWORK_SEARCH_PATHS = (
					"$(SDKROOT)/Developer/Library/Frameworks",
					"$(inherited)",
				);
				GCC_PREPROCESSOR_DEFINITIONS = (
					"DEBUG=1",
					"$(inherited)",
				);
				INFOPLIST_FILE = ColorTesterTests/Info.plist;
				LD_RUNPATH_SEARCH_PATHS = "$(inherited) @executable_path/Frameworks @loader_path/Frameworks";
				PRODUCT_NAME = "$(TARGET_NAME)";
				TEST_HOST = "$(BUILT_PRODUCTS_DIR)/ColorTester.app/ColorTester";
			};
			name = Debug;
		};
		615D1EA51A2065AF002D19BB /* Release */ = {
			isa = XCBuildConfiguration;
			buildSettings = {
				BUNDLE_LOADER = "$(TEST_HOST)";
				FRAMEWORK_SEARCH_PATHS = (
					"$(SDKROOT)/Developer/Library/Frameworks",
					"$(inherited)",
				);
				INFOPLIST_FILE = ColorTesterTests/Info.plist;
				LD_RUNPATH_SEARCH_PATHS = "$(inherited) @executable_path/Frameworks @loader_path/Frameworks";
				PRODUCT_NAME = "$(TARGET_NAME)";
				TEST_HOST = "$(BUILT_PRODUCTS_DIR)/ColorTester.app/ColorTester";
			};
			name = Release;
		};
/* End XCBuildConfiguration section */

/* Begin XCConfigurationList section */
		615D1E751A2065AF002D19BB /* Build configuration list for PBXProject "ColorTester" */ = {
			isa = XCConfigurationList;
			buildConfigurations = (
				615D1E9E1A2065AF002D19BB /* Debug */,
				615D1E9F1A2065AF002D19BB /* Release */,
			);
			defaultConfigurationIsVisible = 0;
			defaultConfigurationName = Release;
		};
		615D1EA01A2065AF002D19BB /* Build configuration list for PBXNativeTarget "ColorTester" */ = {
			isa = XCConfigurationList;
			buildConfigurations = (
				615D1EA11A2065AF002D19BB /* Debug */,
				615D1EA21A2065AF002D19BB /* Release */,
			);
			defaultConfigurationIsVisible = 0;
		};
		615D1EA31A2065AF002D19BB /* Build configuration list for PBXNativeTarget "ColorTesterTests" */ = {
			isa = XCConfigurationList;
			buildConfigurations = (
				615D1EA41A2065AF002D19BB /* Debug */,
				615D1EA51A2065AF002D19BB /* Release */,
			);
			defaultConfigurationIsVisible = 0;
		};
/* End XCConfigurationList section */
	};
	rootObject = 615D1E721A2065AF002D19BB /* Project object */;
}
